{
    "_meta": {
        "hash": {
            "sha256": "0784932846cde902e0ccc2af47176f5a2c35100d743e14570ae34408a2ffd062"
        },
        "requires": {},
        "sources": [
            {
                "url": "https://pypi.python.org/simple",
                "verify_ssl": true
            }
        ]
    },
    "default": {},
    "develop": {
        "-e ../pkgtool": "*",
        "termcolor": {
            "version": "==1.1.0"
        },
        "toml": {
            "version": "==0.9.2"
        }
    }
}
