{
    "_meta": {
        "hash": {
            "sha256": "735ab74b27a69bdc4fabf7430d2503eff533d01d0ca09f3a54fd3ba45e433cdd"
        },
        "requires": {},
        "sources": [
            {
                "url": "https://pypi.python.org/simple",
                "verify_ssl": true
            }
        ]
    },
    "default": {
        "py": {
            "version": "==1.4.34"
        },
        "pytest": {
            "version": "==3.1.3"
        },
        "pytest-asyncio": {
            "version": "==0.6.0"
        },
        "setuptools": {
            "version": "==36.2.0"
        }
    },
    "develop": {
        "-e .": "*",
        "coverage": {
            "version": "==4.4.1"
        },
        "py": {
            "version": "==1.4.34"
        },
        "pytest": {
            "version": "==3.1.3"
        },
        "pytest-cov": {
            "version": "==2.5.1"
        },
        "setuptools": {
            "version": "==36.2.0"
        }
    }
}
