{
    "_meta": {
        "hash": {
            "sha256": "b9fb64a422c0b08b14662941c5b3c915fe9bf7e45f87548647f5ce6ae0c0712f"
        },
        "requires": {},
        "sources": [
            {
                "url": "https://pypi.python.org/simple",
                "verify_ssl": true
            }
        ]
    },
    "default": {},
    "develop": {
        "-e .": "*",
        "coverage": {
            "version": "==4.4.1"
        },
        "py": {
            "version": "==1.4.34"
        },
        "pytest": {
            "version": "==3.1.3"
        },
        "pytest-cov": {
            "version": "==2.5.1"
        },
        "setuptools": {
            "version": "==36.0.1"
        }
    }
}
