{
    "name": "modconf",
    "author_email": "charlesrymal@gmail.com",
    "url": "http://github.com/chuck1/modconf",
    "license": "MIT",
    "author": "Charles Rymal",
    "package_data": {
        "": [
            "*.txt"
        ]
    },
    "description": "pattern for using python modules as configuration files",
    "packages": [
        "modconf",
        "modconf.tests"
    ],
    "scripts": []
}